{
  "name": "onlycheese",
  "version": "1.0.0",
  "lockfileVersion": 1,
  "requires": true,
  "dependencies": {
    "@posva/vuefire-core": {
      "version": "2.3.3",
      "resolved": "https://registry.npmjs.org/@posva/vuefire-core/-/vuefire-core-2.3.3.tgz",
      "integrity": "sha512-mF5kyswrEd/+ZwTVFxaGoU4vCQ5G8aXHH83+VJerbjqYrh5p7BJURcGntpJR63ajvvK9IaFJMthyymAgICjkow=="
    },
    "dotenv": {
      "version": "8.2.0",
      "resolved": "https://registry.npmjs.org/dotenv/-/dotenv-8.2.0.tgz",
      "integrity": "sha512-8sJ78ElpbDJBHNeBzUbUVLsqKdccaa/BXF1uPTw3GrvQTBgrQrtObr2mUrE38vzYd8cEv+m/JBfDLioYcfXoaw=="
    },
    "vue": {
      "version": "2.6.12",
      "resolved": "https://registry.npmjs.org/vue/-/vue-2.6.12.tgz",
      "integrity": "sha512-uhmLFETqPPNyuLLbsKz6ioJ4q7AZHzD8ZVFNATNyICSZouqP2Sz0rotWQC8UNBF6VGSCs5abnKJoStA6JbCbfg=="
    },
    "vue-dragscroll": {
      "version": "2.1.0",
      "resolved": "https://registry.npmjs.org/vue-dragscroll/-/vue-dragscroll-2.1.0.tgz",
      "integrity": "sha512-ZNcvOdrnq9w4US2RqZOfp2cCJzEz1p4xZ1w4I+xKSAFlEOrXbryLe/iclspHH57dco5QT3Azd8/KD930WzadiQ=="
    },
    "vue-router": {
      "version": "3.4.3",
      "resolved": "https://registry.npmjs.org/vue-router/-/vue-router-3.4.3.tgz",
      "integrity": "sha512-BADg1mjGWX18Dpmy6bOGzGNnk7B/ZA0RxuA6qedY/YJwirMfKXIDzcccmHbQI0A6k5PzMdMloc0ElHfyOoX35A=="
    },
    "vuefire": {
      "version": "2.2.4",
      "resolved": "https://registry.npmjs.org/vuefire/-/vuefire-2.2.4.tgz",
      "integrity": "sha512-f2NuSAH8bjbYJz1E8Bu9fVJVxbYwMrMp/9zowyRZi31JaWZc/eYYXqmTWB3y7cANFtWfTUXWlHNc1M//ZuH5iQ==",
      "requires": {
        "@posva/vuefire-core": "^2.3.3"
      }
    },
    "vuex": {
      "version": "3.5.1",
      "resolved": "https://registry.npmjs.org/vuex/-/vuex-3.5.1.tgz",
      "integrity": "sha512-w7oJzmHQs0FM9LXodfskhw9wgKBiaB+totOdb8sNzbTB2KDCEEwEs29NzBZFh/lmEK1t5tDmM1vtsO7ubG1DFw=="
    }
  }
}
